{
    "_readme": [
        "This file locks the dependencies of your project to a known state",
        "Read more about it at https://getcomposer.org/doc/01-basic-usage.md#composer-lock-the-lock-file",
        "This file is @generated automatically"
    ],
    "hash": "4bea7f30d0799eb03ea32c470942100b",
    "content-hash": "6714209fd2874f57cbdf6f3c57f4abd5",
    "packages": [
        {
            "name": "composer/installers",
            "version": "v1.0.23",
            "source": {
                "type": "git",
                "url": "https://github.com/composer/installers.git",
                "reference": "6213d900e92647831f7a406d5c530ea1f3d4360e"
            },
            "dist": {
                "type": "zip",
                "url": "https://api.github.com/repos/composer/installers/zipball/6213d900e92647831f7a406d5c530ea1f3d4360e",
                "reference": "6213d900e92647831f7a406d5c530ea1f3d4360e",
                "shasum": ""
            },
            "require": {
                "composer-plugin-api": "^1.0"
            },
            "replace": {
                "roundcube/plugin-installer": "*",
                "shama/baton": "*"
            },
            "require-dev": {
                "composer/composer": "1.0.*@dev",
                "phpunit/phpunit": "4.1.*"
            },
            "type": "composer-plugin",
            "extra": {
                "class": "Composer\\Installers\\Plugin",
                "branch-alias": {
                    "dev-master": "1.0-dev"
                }
            },
            "autoload": {
                "psr-0": {
                    "Composer\\Installers\\": "src/"
                }
            },
            "notification-url": "https://packagist.org/downloads/",
            "license": [
                "MIT"
            ],
            "authors": [
                {
                    "name": "Kyle Robinson Young",
                    "email": "kyle@dontkry.com",
                    "homepage": "https://github.com/shama"
                }
            ],
            "description": "A multi-framework Composer library installer",
            "homepage": "http://composer.github.com/installers/",
            "keywords": [
                "Craft",
                "Dolibarr",
                "Hurad",
                "MODX Evo",
                "OXID",
                "SMF",
                "Thelia",
                "WolfCMS",
                "agl",
                "aimeos",
                "annotatecms",
                "bitrix",
                "cakephp",
                "chef",
                "codeigniter",
                "concrete5",
                "croogo",
                "dokuwiki",
                "drupal",
                "elgg",
                "fuelphp",
                "grav",
                "installer",
                "joomla",
                "kohana",
                "laravel",
                "lithium",
                "magento",
                "mako",
                "mediawiki",
                "modulework",
                "moodle",
                "phpbb",
                "piwik",
                "ppi",
                "puppet",
                "roundcube",
                "shopware",
                "silverstripe",
                "symfony",
                "typo3",
                "wordpress",
                "zend",
                "zikula"
            ],
            "time": "2016-01-27 12:54:22"
        },
        {
            "name": "mitogh/katana",
            "version": "dev-master",
            "source": {
                "type": "git",
                "url": "https://github.com/mitogh/Katana.git",
                "reference": "9eb7267f061fbe555dbe9c12461650bb4153915f"
            },
            "dist": {
                "type": "zip",
                "url": "https://api.github.com/repos/mitogh/Katana/zipball/9eb7267f061fbe555dbe9c12461650bb4153915f",
                "reference": "9eb7267f061fbe555dbe9c12461650bb4153915f",
                "shasum": ""
            },
            "require": {
                "php": ">=5.3.0"
            },
            "require-dev": {
                "phpunit/phpunit": "~4.5",
                "squizlabs/php_codesniffer": "2.*",
                "wp-coding-standards/wpcs": "^0.9.0"
            },
            "type": "library",
            "autoload": {
                "psr-4": {
                    "Katana\\": "src/"
                }
            },
            "notification-url": "https://packagist.org/downloads/",
            "authors": [
                {
                    "name": "Crisoforo Gaspar Hernandez",
                    "email": "hello@crisoforo.com"
                }
            ],
            "description": "Filters to control where the size of images are generated.",
            "homepage": "https://github.com/mitogh/Katana",
            "keywords": [
                "filter",
                "images",
                "wordpress"
            ],
            "time": "2016-03-27 16:05:04"
        },
        {
            "name": "moxie-leean/acf",
            "version": "dev-master",
            "source": {
                "type": "git",
                "url": "https://github.com/moxie-leean/wp-acf.git",
                "reference": "8154392b82e4db60e90d52c7bbfed8cfcb21e3b0"
            },
            "dist": {
                "type": "zip",
                "url": "https://api.github.com/repos/moxie-leean/wp-acf/zipball/8154392b82e4db60e90d52c7bbfed8cfcb21e3b0",
                "reference": "8154392b82e4db60e90d52c7bbfed8cfcb21e3b0",
                "shasum": ""
            },
            "require": {
                "php": ">=5.4"
            },
            "require-dev": {
                "squizlabs/php_codesniffer": "2.*",
                "wp-coding-standards/wpcs": "dev-master"
            },
            "type": "library",
            "autoload": {
                "psr-4": {
                    "Leean\\": "src/"
                }
            },
            "notification-url": "https://packagist.org/downloads/",
            "license": [
                "MIT"
            ],
            "authors": [
                {
                    "name": "Adam Fenton",
                    "email": "devs@getmoxied.net"
                }
            ],
            "description": "Helper functions for working with Advanced Custom Fields",
            "homepage": "https://github.com/moxie-leean/wp-acf",
            "keywords": [
                "acf",
                "wordpress"
            ],
            "time": "2016-03-21 22:36:42"
        },
        {
            "name": "moxie-leean/cpt",
            "version": "dev-master",
            "source": {
                "type": "git",
                "url": "https://github.com/moxie-leean/cpt.git",
                "reference": "b1c055af4a7d29325ea1a8fbcefe0167ddf8d59b"
            },
            "dist": {
                "type": "zip",
                "url": "https://api.github.com/repos/moxie-leean/cpt/zipball/b1c055af4a7d29325ea1a8fbcefe0167ddf8d59b",
                "reference": "b1c055af4a7d29325ea1a8fbcefe0167ddf8d59b",
                "shasum": ""
            },
            "require": {
                "php": ">=5.4"
            },
            "require-dev": {
                "squizlabs/php_codesniffer": "2.*",
                "wp-coding-standards/wpcs": "dev-master"
            },
            "type": "library",
            "autoload": {
                "psr-4": {
                    "Leean\\": "src/"
                }
            },
            "notification-url": "https://packagist.org/downloads/",
            "license": [
                "MIT"
            ],
            "authors": [
                {
                    "name": "Crisoforo Gaspar Hernandez",
                    "email": "github@crisoforo.com"
                }
            ],
            "description": "Craate custom post types more easily",
            "homepage": "https://github.com/moxie-leean/cpt",
            "keywords": [
                "cpt",
                "post types",
                "wordpress"
            ],
            "time": "2016-03-30 23:06:07"
        },
        {
            "name": "moxie-leean/wp-acf",
            "version": "0.4.2",
            "source": {
                "type": "git",
                "url": "https://github.com/moxie-leean/wp-acf.git",
                "reference": "753d2ae9b1da6cfb2a5ac0501ac7fea0d1623427"
            },
            "dist": {
                "type": "zip",
                "url": "https://api.github.com/repos/moxie-leean/wp-acf/zipball/753d2ae9b1da6cfb2a5ac0501ac7fea0d1623427",
                "reference": "753d2ae9b1da6cfb2a5ac0501ac7fea0d1623427",
                "shasum": ""
            },
            "require": {
                "php": ">=5.4"
            },
            "require-dev": {
                "squizlabs/php_codesniffer": "2.*",
                "wp-coding-standards/wpcs": "0.9.0"
            },
            "type": "library",
            "autoload": {
                "psr-4": {
                    "Leean\\": "src/"
                }
            },
            "notification-url": "https://packagist.org/downloads/",
            "license": [
                "MIT"
            ],
            "authors": [
                {
                    "name": "Adam Fenton",
                    "email": "devs@getmoxied.net"
                },
                {
                    "name": "Crisoforo Gaspar",
                    "email": "devs@getmoxied.net"
                }
            ],
            "description": "Helper functions for working with Advanced Custom Fields",
            "homepage": "https://github.com/moxie-leean/wp-acf",
            "keywords": [
                "acf",
                "wordpress"
            ],
            "time": "2016-03-30 18:51:23"
        },
        {
            "name": "moxie-leean/wp-endpoint",
            "version": "0.2.0",
            "source": {
                "type": "git",
                "url": "https://github.com/moxie-leean/wp-endpoint.git",
                "reference": "f5c9ce42c156f05bac331cb23c85182da4bd2e16"
            },
            "dist": {
                "type": "zip",
                "url": "https://api.github.com/repos/moxie-leean/wp-endpoint/zipball/f5c9ce42c156f05bac331cb23c85182da4bd2e16",
                "reference": "f5c9ce42c156f05bac331cb23c85182da4bd2e16",
                "shasum": ""
            },
            "require": {
                "php": ">=5.4"
            },
            "require-dev": {
                "squizlabs/php_codesniffer": "2.*",
                "wp-coding-standards/wpcs": "dev-master"
            },
            "type": "library",
            "autoload": {
                "psr-4": {
                    "Leean\\": "src/"
                }
            },
            "notification-url": "https://packagist.org/downloads/",
            "license": [
                "MIT"
            ],
            "authors": [
                {
                    "name": "Moxie Developers",
                    "email": "developer@getmoxied.net"
                }
            ],
            "description": "wp-endpoint",
            "homepage": "https://github.com/moxie-leean/wp-endpoints-post/",
            "time": "2016-03-23 04:32:27"
        },
        {
            "name": "moxie-leean/wp-endpoints-post",
            "version": "dev-master",
            "source": {
                "type": "git",
                "url": "https://github.com/moxie-leean/wp-endpoints-post.git",
                "reference": "4556e44565a29b73d6d911b14249c4f9c6a6e2e7"
            },
            "dist": {
                "type": "zip",
                "url": "https://api.github.com/repos/moxie-leean/wp-endpoints-post/zipball/4556e44565a29b73d6d911b14249c4f9c6a6e2e7",
                "reference": "4556e44565a29b73d6d911b14249c4f9c6a6e2e7",
                "shasum": ""
            },
            "require": {
                "moxie-leean/wp-acf": "0.*.*",
                "moxie-leean/wp-endpoint": "0.*.*",
                "php": ">=5.4"
            },
            "require-dev": {
                "squizlabs/php_codesniffer": "2.*",
                "wp-coding-standards/wpcs": "0.9.0"
            },
            "type": "library",
            "autoload": {
                "psr-4": {
                    "Leean\\Endpoints\\": "src/"
                }
            },
            "notification-url": "https://packagist.org/downloads/",
            "license": [
                "MIT"
            ],
            "authors": [
                {
                    "name": "Adam Fenton",
                    "email": "devs@getmoxied.net"
                }
            ],
            "description": "Generic but customisable post endpoint to expose post content via WP-API",
            "homepage": "https://github.com/moxie-leean/wp-endpoints-post",
            "keywords": [
                "api",
                "wordpress"
            ],
            "time": "2016-03-30 18:01:07"
        },
        {
            "name": "moxie-leean/wp-page-templates",
            "version": "dev-master",
            "source": {
                "type": "git",
                "url": "https://github.com/moxie-leean/wp-page-templates.git",
                "reference": "107a30cd95b9fa66199cdd6a82c83d33f417aaed"
            },
            "dist": {
                "type": "zip",
                "url": "https://api.github.com/repos/moxie-leean/wp-page-templates/zipball/107a30cd95b9fa66199cdd6a82c83d33f417aaed",
                "reference": "107a30cd95b9fa66199cdd6a82c83d33f417aaed",
                "shasum": ""
            },
            "require": {
                "php": ">=5.4"
            },
            "require-dev": {
                "squizlabs/php_codesniffer": "2.*",
                "wp-coding-standards/wpcs": "dev-master"
            },
            "type": "library",
            "autoload": {
                "psr-4": {
                    "Leean\\": "src/"
                }
            },
            "notification-url": "https://packagist.org/downloads/",
            "license": [
                "MIT"
            ],
            "authors": [
                {
                    "name": "Adam Fenton",
                    "email": "devs@getmoxied.net"
                }
            ],
            "description": "A way of registering page templates from a plugin",
            "homepage": "https://github.com/moxie-leean/wp-page-templates",
            "keywords": [
                "wordpress"
            ],
            "time": "2016-03-17 23:50:47"
        }
    ],
    "packages-dev": [
        {
            "name": "squizlabs/php_codesniffer",
            "version": "2.5.1",
            "source": {
                "type": "git",
                "url": "https://github.com/squizlabs/PHP_CodeSniffer.git",
                "reference": "6731851d6aaf1d0d6c58feff1065227b7fda3ba8"
            },
            "dist": {
                "type": "zip",
                "url": "https://api.github.com/repos/squizlabs/PHP_CodeSniffer/zipball/6731851d6aaf1d0d6c58feff1065227b7fda3ba8",
                "reference": "6731851d6aaf1d0d6c58feff1065227b7fda3ba8",
                "shasum": ""
            },
            "require": {
                "ext-tokenizer": "*",
                "ext-xmlwriter": "*",
                "php": ">=5.1.2"
            },
            "require-dev": {
                "phpunit/phpunit": "~4.0"
            },
            "bin": [
                "scripts/phpcs",
                "scripts/phpcbf"
            ],
            "type": "library",
            "extra": {
                "branch-alias": {
                    "dev-master": "2.x-dev"
                }
            },
            "autoload": {
                "classmap": [
                    "CodeSniffer.php",
                    "CodeSniffer/CLI.php",
                    "CodeSniffer/Exception.php",
                    "CodeSniffer/File.php",
                    "CodeSniffer/Fixer.php",
                    "CodeSniffer/Report.php",
                    "CodeSniffer/Reporting.php",
                    "CodeSniffer/Sniff.php",
                    "CodeSniffer/Tokens.php",
                    "CodeSniffer/Reports/",
                    "CodeSniffer/Tokenizers/",
                    "CodeSniffer/DocGenerators/",
                    "CodeSniffer/Standards/AbstractPatternSniff.php",
                    "CodeSniffer/Standards/AbstractScopeSniff.php",
                    "CodeSniffer/Standards/AbstractVariableSniff.php",
                    "CodeSniffer/Standards/IncorrectPatternException.php",
                    "CodeSniffer/Standards/Generic/Sniffs/",
                    "CodeSniffer/Standards/MySource/Sniffs/",
                    "CodeSniffer/Standards/PEAR/Sniffs/",
                    "CodeSniffer/Standards/PSR1/Sniffs/",
                    "CodeSniffer/Standards/PSR2/Sniffs/",
                    "CodeSniffer/Standards/Squiz/Sniffs/",
                    "CodeSniffer/Standards/Zend/Sniffs/"
                ]
            },
            "notification-url": "https://packagist.org/downloads/",
            "license": [
                "BSD-3-Clause"
            ],
            "authors": [
                {
                    "name": "Greg Sherwood",
                    "role": "lead"
                }
            ],
            "description": "PHP_CodeSniffer tokenizes PHP, JavaScript and CSS files and detects violations of a defined set of coding standards.",
            "homepage": "http://www.squizlabs.com/php-codesniffer",
            "keywords": [
                "phpcs",
                "standards"
            ],
            "time": "2016-01-19 23:39:10"
        },
        {
            "name": "wp-coding-standards/wpcs",
            "version": "0.9.0",
            "source": {
                "type": "git",
                "url": "https://github.com/WordPress-Coding-Standards/WordPress-Coding-Standards.git",
                "reference": "b415094aa5fd24da6eba2295323bcff840902dd3"
            },
            "dist": {
                "type": "zip",
                "url": "https://api.github.com/repos/WordPress-Coding-Standards/WordPress-Coding-Standards/zipball/b415094aa5fd24da6eba2295323bcff840902dd3",
                "reference": "b415094aa5fd24da6eba2295323bcff840902dd3",
                "shasum": ""
            },
            "require": {
                "squizlabs/php_codesniffer": "~2.2"
            },
            "type": "library",
            "notification-url": "https://packagist.org/downloads/",
            "license": [
                "MIT"
            ],
            "authors": [
                {
                    "name": "Contributors",
                    "homepage": "https://github.com/WordPress-Coding-Standards/WordPress-Coding-Standards/graphs/contributors"
                }
            ],
            "description": "PHP_CodeSniffer rules (sniffs) to enforce WordPress coding conventions",
            "keywords": [
                "phpcs",
                "standards",
                "wordpress"
            ],
            "time": "2016-02-01 16:14:59"
        }
    ],
    "aliases": [],
    "minimum-stability": "stable",
    "stability-flags": {
        "mitogh/katana": 20,
        "moxie-leean/cpt": 20,
        "moxie-leean/acf": 20,
        "moxie-leean/wp-endpoints-post": 20,
        "moxie-leean/wp-page-templates": 20
    },
    "prefer-stable": false,
    "prefer-lowest": false,
    "platform": [],
    "platform-dev": []
}
