{
    "_readme": [
        "This file locks the dependencies of your project to a known state",
        "Read more about it at https://getcomposer.org/doc/01-basic-usage.md#composer-lock-the-lock-file",
        "This file is @generated automatically"
    ],
    "hash": "e214f53e745c3e2cdcda3d3f01a6799f",
    "content-hash": "799f0a662ffb74e4cfde43462a1e1916",
    "packages": [
        {
            "name": "composer/installers",
            "version": "v1.1.0",
            "source": {
                "type": "git",
                "url": "https://github.com/composer/installers.git",
                "reference": "a3595c5272a6f247228abb20076ed27321e4aae9"
            },
            "dist": {
                "type": "zip",
                "url": "https://api.github.com/repos/composer/installers/zipball/a3595c5272a6f247228abb20076ed27321e4aae9",
                "reference": "a3595c5272a6f247228abb20076ed27321e4aae9",
                "shasum": ""
            },
            "require": {
                "composer-plugin-api": "^1.0"
            },
            "replace": {
                "roundcube/plugin-installer": "*",
                "shama/baton": "*"
            },
            "require-dev": {
                "composer/composer": "1.0.*@dev",
                "phpunit/phpunit": "4.1.*"
            },
            "type": "composer-plugin",
            "extra": {
                "class": "Composer\\Installers\\Plugin",
                "branch-alias": {
                    "dev-master": "1.0-dev"
                }
            },
            "autoload": {
                "psr-4": {
                    "Composer\\Installers\\": "src/Composer/Installers"
                }
            },
            "notification-url": "https://packagist.org/downloads/",
            "license": [
                "MIT"
            ],
            "authors": [
                {
                    "name": "Kyle Robinson Young",
                    "email": "kyle@dontkry.com",
                    "homepage": "https://github.com/shama"
                }
            ],
            "description": "A multi-framework Composer library installer",
            "homepage": "https://composer.github.io/installers/",
            "keywords": [
                "Craft",
                "Dolibarr",
                "Hurad",
                "ImageCMS",
                "MODX Evo",
                "Mautic",
                "OXID",
                "RadPHP",
                "SMF",
                "Thelia",
                "WolfCMS",
                "agl",
                "aimeos",
                "annotatecms",
                "bitrix",
                "cakephp",
                "chef",
                "codeigniter",
                "concrete5",
                "croogo",
                "dokuwiki",
                "drupal",
                "elgg",
                "expressionengine",
                "fuelphp",
                "grav",
                "installer",
                "joomla",
                "kohana",
                "laravel",
                "lithium",
                "magento",
                "mako",
                "mediawiki",
                "modulework",
                "moodle",
                "phpbb",
                "piwik",
                "ppi",
                "puppet",
                "roundcube",
                "shopware",
                "silverstripe",
                "symfony",
                "typo3",
                "wordpress",
                "zend",
                "zikula"
            ],
            "time": "2016-07-05 06:18:20"
        },
        {
            "name": "doctrine/annotations",
            "version": "v1.2.7",
            "source": {
                "type": "git",
                "url": "https://github.com/doctrine/annotations.git",
                "reference": "f25c8aab83e0c3e976fd7d19875f198ccf2f7535"
            },
            "dist": {
                "type": "zip",
                "url": "https://api.github.com/repos/doctrine/annotations/zipball/f25c8aab83e0c3e976fd7d19875f198ccf2f7535",
                "reference": "f25c8aab83e0c3e976fd7d19875f198ccf2f7535",
                "shasum": ""
            },
            "require": {
                "doctrine/lexer": "1.*",
                "php": ">=5.3.2"
            },
            "require-dev": {
                "doctrine/cache": "1.*",
                "phpunit/phpunit": "4.*"
            },
            "type": "library",
            "extra": {
                "branch-alias": {
                    "dev-master": "1.3.x-dev"
                }
            },
            "autoload": {
                "psr-0": {
                    "Doctrine\\Common\\Annotations\\": "lib/"
                }
            },
            "notification-url": "https://packagist.org/downloads/",
            "license": [
                "MIT"
            ],
            "authors": [
                {
                    "name": "Roman Borschel",
                    "email": "roman@code-factory.org"
                },
                {
                    "name": "Benjamin Eberlei",
                    "email": "kontakt@beberlei.de"
                },
                {
                    "name": "Guilherme Blanco",
                    "email": "guilhermeblanco@gmail.com"
                },
                {
                    "name": "Jonathan Wage",
                    "email": "jonwage@gmail.com"
                },
                {
                    "name": "Johannes Schmitt",
                    "email": "schmittjoh@gmail.com"
                }
            ],
            "description": "Docblock Annotations Parser",
            "homepage": "http://www.doctrine-project.org",
            "keywords": [
                "annotations",
                "docblock",
                "parser"
            ],
            "time": "2015-08-31 12:32:49"
        },
        {
            "name": "doctrine/lexer",
            "version": "v1.0.1",
            "source": {
                "type": "git",
                "url": "https://github.com/doctrine/lexer.git",
                "reference": "83893c552fd2045dd78aef794c31e694c37c0b8c"
            },
            "dist": {
                "type": "zip",
                "url": "https://api.github.com/repos/doctrine/lexer/zipball/83893c552fd2045dd78aef794c31e694c37c0b8c",
                "reference": "83893c552fd2045dd78aef794c31e694c37c0b8c",
                "shasum": ""
            },
            "require": {
                "php": ">=5.3.2"
            },
            "type": "library",
            "extra": {
                "branch-alias": {
                    "dev-master": "1.0.x-dev"
                }
            },
            "autoload": {
                "psr-0": {
                    "Doctrine\\Common\\Lexer\\": "lib/"
                }
            },
            "notification-url": "https://packagist.org/downloads/",
            "license": [
                "MIT"
            ],
            "authors": [
                {
                    "name": "Roman Borschel",
                    "email": "roman@code-factory.org"
                },
                {
                    "name": "Guilherme Blanco",
                    "email": "guilhermeblanco@gmail.com"
                },
                {
                    "name": "Johannes Schmitt",
                    "email": "schmittjoh@gmail.com"
                }
            ],
            "description": "Base library for a lexer that can be used in Top-Down, Recursive Descent Parsers.",
            "homepage": "http://www.doctrine-project.org",
            "keywords": [
                "lexer",
                "parser"
            ],
            "time": "2014-09-09 13:34:57"
        },
        {
            "name": "mitogh/katana",
            "version": "dev-master",
            "source": {
                "type": "git",
                "url": "https://github.com/mitogh/Katana.git",
                "reference": "9eb7267f061fbe555dbe9c12461650bb4153915f"
            },
            "dist": {
                "type": "zip",
                "url": "https://api.github.com/repos/mitogh/Katana/zipball/9eb7267f061fbe555dbe9c12461650bb4153915f",
                "reference": "9eb7267f061fbe555dbe9c12461650bb4153915f",
                "shasum": ""
            },
            "require": {
                "php": ">=5.3.0"
            },
            "require-dev": {
                "phpunit/phpunit": "~4.5",
                "squizlabs/php_codesniffer": "2.*",
                "wp-coding-standards/wpcs": "^0.9.0"
            },
            "type": "library",
            "autoload": {
                "psr-4": {
                    "Katana\\": "src/"
                }
            },
            "notification-url": "https://packagist.org/downloads/",
            "authors": [
                {
                    "name": "Crisoforo Gaspar Hernandez",
                    "email": "hello@crisoforo.com"
                }
            ],
            "description": "Filters to control where the size of images are generated.",
            "homepage": "https://github.com/mitogh/Katana",
            "keywords": [
                "filter",
                "images",
                "wordpress"
            ],
            "time": "2016-03-27 16:05:04"
        },
        {
            "name": "moxie-lean/wp-acf",
            "version": "1.1.2",
            "source": {
                "type": "git",
                "url": "https://github.com/moxie-lean/wp-acf.git",
                "reference": "bd39b1cf0f4e87cd6355a37eb0fa090fa76aa0f9"
            },
            "dist": {
                "type": "zip",
                "url": "https://api.github.com/repos/moxie-lean/wp-acf/zipball/bd39b1cf0f4e87cd6355a37eb0fa090fa76aa0f9",
                "reference": "bd39b1cf0f4e87cd6355a37eb0fa090fa76aa0f9",
                "shasum": ""
            },
            "require": {
                "php": ">=5.4"
            },
            "require-dev": {
                "squizlabs/php_codesniffer": "2.*",
                "wp-coding-standards/wpcs": "0.9.0"
            },
            "type": "library",
            "autoload": {
                "psr-4": {
                    "Lean\\": "src/"
                }
            },
            "notification-url": "https://packagist.org/downloads/",
            "license": [
                "MIT"
            ],
            "authors": [
                {
                    "name": "Adam Fenton",
                    "email": "devs@getmoxied.net"
                },
                {
                    "name": "Crisoforo Gaspar",
                    "email": "devs@getmoxied.net"
                }
            ],
            "description": "Helper functions for working with Advanced Custom Fields",
            "homepage": "https://github.com/moxie-lean/wp-acf",
            "keywords": [
                "acf",
                "wordpress"
            ],
            "time": "2016-06-23 19:05:44"
        },
        {
            "name": "moxie-lean/wp-cpt",
            "version": "1.0.1",
            "source": {
                "type": "git",
                "url": "https://github.com/moxie-lean/wp-cpt.git",
                "reference": "1c842040f59bffccdf8486c1d983520ca7313d7a"
            },
            "dist": {
                "type": "zip",
                "url": "https://api.github.com/repos/moxie-lean/wp-cpt/zipball/1c842040f59bffccdf8486c1d983520ca7313d7a",
                "reference": "1c842040f59bffccdf8486c1d983520ca7313d7a",
                "shasum": ""
            },
            "require": {
                "php": ">=5.4"
            },
            "require-dev": {
                "squizlabs/php_codesniffer": "2.*",
                "wp-coding-standards/wpcs": "0.9.0"
            },
            "type": "library",
            "autoload": {
                "psr-4": {
                    "Lean\\": "src/"
                }
            },
            "notification-url": "https://packagist.org/downloads/",
            "license": [
                "MIT"
            ],
            "authors": [
                {
                    "name": "Crisoforo Gaspar Hernandez",
                    "email": "github@crisoforo.com"
                }
            ],
            "description": "Craate custom post types more easily",
            "homepage": "https://github.com/moxie-leean/wp-cpt",
            "keywords": [
                "cpt",
                "post types",
                "wordpress"
            ],
            "time": "2016-04-25 01:37:07"
        },
        {
            "name": "moxie-lean/wp-elements",
            "version": "0.3.5",
            "source": {
                "type": "git",
                "url": "https://github.com/moxie-lean/wp-elements.git",
                "reference": "e5e578842a6e031472263c745e5202f3901e084d"
            },
            "dist": {
                "type": "zip",
                "url": "https://api.github.com/repos/moxie-lean/wp-elements/zipball/e5e578842a6e031472263c745e5202f3901e084d",
                "reference": "e5e578842a6e031472263c745e5202f3901e084d",
                "shasum": ""
            },
            "require": {
                "php": ">=5.4"
            },
            "require-dev": {
                "squizlabs/php_codesniffer": "2.*",
                "wp-coding-standards/wpcs": "0.9.0"
            },
            "type": "library",
            "autoload": {
                "psr-4": {
                    "Lean\\Elements\\": "src/"
                }
            },
            "notification-url": "https://packagist.org/downloads/",
            "license": [
                "MIT"
            ],
            "authors": [
                {
                    "name": "Caridad Zapatero Contreras",
                    "email": "devs@getmoxied.net"
                }
            ],
            "description": "Predefined ACF groups.",
            "homepage": "https://github.com/moxie-lean/wp-elements",
            "keywords": [
                "wordpress"
            ],
            "time": "2016-06-09 19:14:42"
        },
        {
            "name": "moxie-lean/wp-endpoint",
            "version": "2.0.0",
            "source": {
                "type": "git",
                "url": "https://github.com/moxie-lean/wp-endpoint.git",
                "reference": "18507ef0f018676a60c874fdf22f9a4c722733ef"
            },
            "dist": {
                "type": "zip",
                "url": "https://api.github.com/repos/moxie-lean/wp-endpoint/zipball/18507ef0f018676a60c874fdf22f9a4c722733ef",
                "reference": "18507ef0f018676a60c874fdf22f9a4c722733ef",
                "shasum": ""
            },
            "require": {
                "php": ">=5.4"
            },
            "require-dev": {
                "squizlabs/php_codesniffer": "2.*",
                "wp-coding-standards/wpcs": "0.9.0"
            },
            "type": "library",
            "autoload": {
                "psr-4": {
                    "Lean\\": "src/"
                }
            },
            "notification-url": "https://packagist.org/downloads/",
            "license": [
                "MIT"
            ],
            "authors": [
                {
                    "name": "Moxie Developers",
                    "email": "developer@getmoxied.net"
                }
            ],
            "description": "wp-endpoint",
            "homepage": "https://github.com/moxie-lean/wp-endpoints-post/",
            "time": "2016-05-31 15:03:12"
        },
        {
            "name": "moxie-lean/wp-endpoints-admin-bar",
            "version": "1.1.1",
            "source": {
                "type": "git",
                "url": "https://github.com/moxie-lean/wp-endpoints-admin-bar.git",
                "reference": "48a22e94f6e0e326b35264058364a050eca6a041"
            },
            "dist": {
                "type": "zip",
                "url": "https://api.github.com/repos/moxie-lean/wp-endpoints-admin-bar/zipball/48a22e94f6e0e326b35264058364a050eca6a041",
                "reference": "48a22e94f6e0e326b35264058364a050eca6a041",
                "shasum": ""
            },
            "require": {
                "moxie-lean/wp-endpoint": "2.*.*",
                "php": ">=5.4"
            },
            "require-dev": {
                "squizlabs/php_codesniffer": "2.*",
                "wp-coding-standards/wpcs": "0.9.0"
            },
            "type": "library",
            "autoload": {
                "psr-4": {
                    "Lean\\Endpoints\\": "src/"
                }
            },
            "notification-url": "https://packagist.org/downloads/",
            "license": [
                "MIT"
            ],
            "authors": [
                {
                    "name": "Moxie",
                    "email": "devs@getmoxied.net"
                }
            ],
            "description": "Generic endpoint to expose admin bar configuration via WP-API.",
            "homepage": "https://github.com/moxie-lean/wp-endpoints-admin-bar",
            "keywords": [
                "api",
                "wordpress"
            ],
            "time": "2016-07-18 21:39:19"
        },
        {
            "name": "moxie-lean/wp-endpoints-routes",
            "version": "2.0.2",
            "source": {
                "type": "git",
                "url": "https://github.com/moxie-lean/wp-endpoints-routes.git",
                "reference": "d86e77908f9d7ddc862d1a902cd8d2d7c0449473"
            },
            "dist": {
                "type": "zip",
                "url": "https://api.github.com/repos/moxie-lean/wp-endpoints-routes/zipball/d86e77908f9d7ddc862d1a902cd8d2d7c0449473",
                "reference": "d86e77908f9d7ddc862d1a902cd8d2d7c0449473",
                "shasum": ""
            },
            "require": {
                "moxie-lean/wp-endpoint": "2.*.*",
                "php": ">=5.4"
            },
            "require-dev": {
                "squizlabs/php_codesniffer": "2.*",
                "wp-coding-standards/wpcs": "0.9.0"
            },
            "type": "library",
            "autoload": {
                "psr-4": {
                    "Lean\\Endpoints\\": "src/"
                }
            },
            "notification-url": "https://packagist.org/downloads/",
            "license": [
                "MIT"
            ],
            "authors": [
                {
                    "name": "Adam Fenton",
                    "email": "devs@getmoxied.net"
                },
                {
                    "name": "Crisoforo Gaspar Hernandez",
                    "email": "chernandez@getmoxied.net"
                }
            ],
            "description": "Get the set of routes.",
            "homepage": "https://github.com/moxie-lean/wp-endpoints-routes",
            "keywords": [
                "api",
                "wordpress"
            ],
            "time": "2016-06-03 16:28:18"
        },
        {
            "name": "moxie-lean/wp-endpoints-static",
            "version": "2.1.0",
            "source": {
                "type": "git",
                "url": "https://github.com/moxie-lean/wp-endpoints-static.git",
                "reference": "23258bba9b65d55b78b3dc3edc123d75009b0825"
            },
            "dist": {
                "type": "zip",
                "url": "https://api.github.com/repos/moxie-lean/wp-endpoints-static/zipball/23258bba9b65d55b78b3dc3edc123d75009b0825",
                "reference": "23258bba9b65d55b78b3dc3edc123d75009b0825",
                "shasum": ""
            },
            "require": {
                "moxie-lean/wp-acf": "1.*.*",
                "moxie-lean/wp-endpoint": "2.*.*",
                "moxie-lean/wp-widgets": "1.*.*",
                "php": ">=5.4"
            },
            "require-dev": {
                "squizlabs/php_codesniffer": "2.*",
                "wp-coding-standards/wpcs": "0.9.0"
            },
            "type": "library",
            "autoload": {
                "psr-4": {
                    "Lean\\Endpoints\\": "src/"
                }
            },
            "notification-url": "https://packagist.org/downloads/",
            "license": [
                "MIT"
            ],
            "authors": [
                {
                    "name": "Adam Fenton",
                    "email": "devs@getmoxied.net"
                },
                {
                    "name": "Crisoforo Gaspar Hernandez",
                    "email": "chernandez@getmoxied.net"
                }
            ],
            "description": "Generic but customisable endpoint to expose our static data via WP-API.",
            "homepage": "https://github.com/moxie-lean/wp-endpoints-static",
            "keywords": [
                "api",
                "wordpress"
            ],
            "time": "2016-07-14 15:32:39"
        },
        {
            "name": "moxie-lean/wp-metadata",
            "version": "0.1.2",
            "source": {
                "type": "git",
                "url": "https://github.com/moxie-lean/wp-metadata.git",
                "reference": "9f7ab272f21f2607207226d7d6fc543e3dcfe32b"
            },
            "dist": {
                "type": "zip",
                "url": "https://api.github.com/repos/moxie-lean/wp-metadata/zipball/9f7ab272f21f2607207226d7d6fc543e3dcfe32b",
                "reference": "9f7ab272f21f2607207226d7d6fc543e3dcfe32b",
                "shasum": ""
            },
            "require": {
                "moxie-lean/wp-acf": "1.*.*",
                "moxie-lean/wp-elements": "0.*.*",
                "php": ">=5.4"
            },
            "require-dev": {
                "squizlabs/php_codesniffer": "2.*",
                "wp-coding-standards/wpcs": "0.9.0"
            },
            "type": "library",
            "autoload": {
                "psr-4": {
                    "Lean\\Metadata\\": "src/"
                }
            },
            "notification-url": "https://packagist.org/downloads/",
            "license": [
                "MIT"
            ],
            "authors": [
                {
                    "name": "Adam Fenton",
                    "email": "devs@getmoxied.net"
                },
                {
                    "name": "Crisoforo Gaspar",
                    "email": "devs@getmoxied.net"
                }
            ],
            "description": "Generate metadata for your pages.",
            "homepage": "https://github.com/moxie-lean/wp-metadata",
            "keywords": [
                "seo",
                "wordpress",
                "yoast"
            ],
            "time": "2016-08-03 14:40:23"
        },
        {
            "name": "moxie-lean/wp-page-templates",
            "version": "1.0.1",
            "source": {
                "type": "git",
                "url": "https://github.com/moxie-lean/wp-page-templates.git",
                "reference": "4ffe4af4e6c1a46515280c40cb57bab183662399"
            },
            "dist": {
                "type": "zip",
                "url": "https://api.github.com/repos/moxie-lean/wp-page-templates/zipball/4ffe4af4e6c1a46515280c40cb57bab183662399",
                "reference": "4ffe4af4e6c1a46515280c40cb57bab183662399",
                "shasum": ""
            },
            "require": {
                "php": ">=5.4"
            },
            "require-dev": {
                "squizlabs/php_codesniffer": "2.*",
                "wp-coding-standards/wpcs": "0.9.0"
            },
            "type": "library",
            "autoload": {
                "psr-4": {
                    "Lean\\": "src/"
                }
            },
            "notification-url": "https://packagist.org/downloads/",
            "license": [
                "MIT"
            ],
            "authors": [
                {
                    "name": "Adam Fenton",
                    "email": "devs@getmoxied.net"
                }
            ],
            "description": "A way of registering page templates from a plugin",
            "homepage": "https://github.com/moxie-lean/wp-page-templates",
            "keywords": [
                "wordpress"
            ],
            "time": "2016-05-27 14:26:20"
        },
        {
            "name": "moxie-lean/wp-widgets",
            "version": "1.0.3",
            "source": {
                "type": "git",
                "url": "https://github.com/moxie-lean/wp-widgets.git",
                "reference": "701227bb750a62344ee7d503b8cdbb2f6212640a"
            },
            "dist": {
                "type": "zip",
                "url": "https://api.github.com/repos/moxie-lean/wp-widgets/zipball/701227bb750a62344ee7d503b8cdbb2f6212640a",
                "reference": "701227bb750a62344ee7d503b8cdbb2f6212640a",
                "shasum": ""
            },
            "require": {
                "moxie-lean/wp-acf": "1.*.*",
                "php": ">=5.4"
            },
            "require-dev": {
                "squizlabs/php_codesniffer": "2.*",
                "wp-coding-standards/wpcs": "0.9.0"
            },
            "type": "library",
            "autoload": {
                "psr-4": {
                    "Lean\\Widgets\\": "src/"
                }
            },
            "notification-url": "https://packagist.org/downloads/",
            "license": [
                "MIT"
            ],
            "authors": [
                {
                    "name": "Adam Fenton",
                    "email": "devs@getmoxied.net"
                }
            ],
            "description": "Control the WP widgets whilst using WP in as a headless CMS.",
            "homepage": "https://github.com/moxie-lean/wp-widgets",
            "keywords": [
                "wordpress"
            ],
            "time": "2016-05-27 14:33:36"
        },
        {
            "name": "symfony/finder",
            "version": "v3.1.3",
            "source": {
                "type": "git",
                "url": "https://github.com/symfony/finder.git",
                "reference": "8201978de88a9fa0923e18601bb17f1df9c721e7"
            },
            "dist": {
                "type": "zip",
                "url": "https://api.github.com/repos/symfony/finder/zipball/8201978de88a9fa0923e18601bb17f1df9c721e7",
                "reference": "8201978de88a9fa0923e18601bb17f1df9c721e7",
                "shasum": ""
            },
            "require": {
                "php": ">=5.5.9"
            },
            "type": "library",
            "extra": {
                "branch-alias": {
                    "dev-master": "3.1-dev"
                }
            },
            "autoload": {
                "psr-4": {
                    "Symfony\\Component\\Finder\\": ""
                },
                "exclude-from-classmap": [
                    "/Tests/"
                ]
            },
            "notification-url": "https://packagist.org/downloads/",
            "license": [
                "MIT"
            ],
            "authors": [
                {
                    "name": "Fabien Potencier",
                    "email": "fabien@symfony.com"
                },
                {
                    "name": "Symfony Community",
                    "homepage": "https://symfony.com/contributors"
                }
            ],
            "description": "Symfony Finder Component",
            "homepage": "https://symfony.com",
            "time": "2016-06-29 05:41:56"
        },
        {
            "name": "zircote/swagger-php",
            "version": "2.0.7",
            "source": {
                "type": "git",
                "url": "https://github.com/zircote/swagger-php.git",
                "reference": "299df0b51f641225ed50ba5199b21e8cfc34e4f4"
            },
            "dist": {
                "type": "zip",
                "url": "https://api.github.com/repos/zircote/swagger-php/zipball/299df0b51f641225ed50ba5199b21e8cfc34e4f4",
                "reference": "299df0b51f641225ed50ba5199b21e8cfc34e4f4",
                "shasum": ""
            },
            "require": {
                "doctrine/annotations": "*",
                "php": ">=5.4.0",
                "symfony/finder": "*"
            },
            "require-dev": {
                "squizlabs/php_codesniffer": "2.*",
                "zendframework/zend-form": "<2.8"
            },
            "bin": [
                "bin/swagger"
            ],
            "type": "library",
            "autoload": {
                "psr-4": {
                    "Swagger\\": "src"
                },
                "files": [
                    "src/functions.php"
                ]
            },
            "notification-url": "https://packagist.org/downloads/",
            "license": [
                "Apache2"
            ],
            "authors": [
                {
                    "name": "Robert Allen",
                    "email": "zircote@gmail.com",
                    "homepage": "http://www.zircote.com"
                },
                {
                    "name": "Bob Fanger",
                    "email": "bfanger@gmail.com",
                    "homepage": "http://bfanger.nl"
                }
            ],
            "description": "Swagger-PHP - Generate interactive documentation for your RESTful API using phpdoc annotations",
            "homepage": "https://github.com/zircote/swagger-php/",
            "keywords": [
                "api",
                "json",
                "rest",
                "service discovery"
            ],
            "time": "2016-05-27 09:35:51"
        }
    ],
    "packages-dev": [
        {
            "name": "squizlabs/php_codesniffer",
            "version": "2.6.2",
            "source": {
                "type": "git",
                "url": "https://github.com/squizlabs/PHP_CodeSniffer.git",
                "reference": "4edb770cb853def6e60c93abb088ad5ac2010c83"
            },
            "dist": {
                "type": "zip",
                "url": "https://api.github.com/repos/squizlabs/PHP_CodeSniffer/zipball/4edb770cb853def6e60c93abb088ad5ac2010c83",
                "reference": "4edb770cb853def6e60c93abb088ad5ac2010c83",
                "shasum": ""
            },
            "require": {
                "ext-simplexml": "*",
                "ext-tokenizer": "*",
                "ext-xmlwriter": "*",
                "php": ">=5.1.2"
            },
            "require-dev": {
                "phpunit/phpunit": "~4.0"
            },
            "bin": [
                "scripts/phpcs",
                "scripts/phpcbf"
            ],
            "type": "library",
            "extra": {
                "branch-alias": {
                    "dev-master": "2.x-dev"
                }
            },
            "autoload": {
                "classmap": [
                    "CodeSniffer.php",
                    "CodeSniffer/CLI.php",
                    "CodeSniffer/Exception.php",
                    "CodeSniffer/File.php",
                    "CodeSniffer/Fixer.php",
                    "CodeSniffer/Report.php",
                    "CodeSniffer/Reporting.php",
                    "CodeSniffer/Sniff.php",
                    "CodeSniffer/Tokens.php",
                    "CodeSniffer/Reports/",
                    "CodeSniffer/Tokenizers/",
                    "CodeSniffer/DocGenerators/",
                    "CodeSniffer/Standards/AbstractPatternSniff.php",
                    "CodeSniffer/Standards/AbstractScopeSniff.php",
                    "CodeSniffer/Standards/AbstractVariableSniff.php",
                    "CodeSniffer/Standards/IncorrectPatternException.php",
                    "CodeSniffer/Standards/Generic/Sniffs/",
                    "CodeSniffer/Standards/MySource/Sniffs/",
                    "CodeSniffer/Standards/PEAR/Sniffs/",
                    "CodeSniffer/Standards/PSR1/Sniffs/",
                    "CodeSniffer/Standards/PSR2/Sniffs/",
                    "CodeSniffer/Standards/Squiz/Sniffs/",
                    "CodeSniffer/Standards/Zend/Sniffs/"
                ]
            },
            "notification-url": "https://packagist.org/downloads/",
            "license": [
                "BSD-3-Clause"
            ],
            "authors": [
                {
                    "name": "Greg Sherwood",
                    "role": "lead"
                }
            ],
            "description": "PHP_CodeSniffer tokenizes PHP, JavaScript and CSS files and detects violations of a defined set of coding standards.",
            "homepage": "http://www.squizlabs.com/php-codesniffer",
            "keywords": [
                "phpcs",
                "standards"
            ],
            "time": "2016-07-13 23:29:13"
        },
        {
            "name": "wp-coding-standards/wpcs",
            "version": "0.9.0",
            "source": {
                "type": "git",
                "url": "https://github.com/WordPress-Coding-Standards/WordPress-Coding-Standards.git",
                "reference": "b415094aa5fd24da6eba2295323bcff840902dd3"
            },
            "dist": {
                "type": "zip",
                "url": "https://api.github.com/repos/WordPress-Coding-Standards/WordPress-Coding-Standards/zipball/b415094aa5fd24da6eba2295323bcff840902dd3",
                "reference": "b415094aa5fd24da6eba2295323bcff840902dd3",
                "shasum": ""
            },
            "require": {
                "squizlabs/php_codesniffer": "~2.2"
            },
            "type": "library",
            "notification-url": "https://packagist.org/downloads/",
            "license": [
                "MIT"
            ],
            "authors": [
                {
                    "name": "Contributors",
                    "homepage": "https://github.com/WordPress-Coding-Standards/WordPress-Coding-Standards/graphs/contributors"
                }
            ],
            "description": "PHP_CodeSniffer rules (sniffs) to enforce WordPress coding conventions",
            "keywords": [
                "phpcs",
                "standards",
                "wordpress"
            ],
            "time": "2016-02-01 16:14:59"
        }
    ],
    "aliases": [],
    "minimum-stability": "stable",
    "stability-flags": {
        "mitogh/katana": 20
    },
    "prefer-stable": false,
    "prefer-lowest": false,
    "platform": [],
    "platform-dev": []
}
